
Microsoft Visual Studio Solution File, Format Version 12.00
# Visual Studio Version 16
VisualStudioVersion = 16.0.29503.13
MinimumVisualStudioVersion = 10.0.40219.1
Project("{888888A0-9F3D-457C-B088-3A5042F75D52}") = "1114_01_함수", "1114_01_함수\1114_01_함수.pyproj", "{28EF552E-BC96-4569-B9EB-559E346D57B8}"
EndProject
Project("{FAE04EC0-301F-11D3-BF4B-00C04F79EFBC}") = "1114_02_가변인자함수", "1114_02_가변인자함수\1114_02_가변인자함수.csproj", "{EF9A1410-2470-4BCD-9873-EE00104B1D85}"
EndProject
Global
	GlobalSection(SolutionConfigurationPlatforms) = preSolution
		Debug|Any CPU = Debug|Any CPU
		Release|Any CPU = Release|Any CPU
	EndGlobalSection
	GlobalSection(ProjectConfigurationPlatforms) = postSolution
		{28EF552E-BC96-4569-B9EB-559E346D57B8}.Debug|Any CPU.ActiveCfg = Debug|Any CPU
		{28EF552E-BC96-4569-B9EB-559E346D57B8}.Release|Any CPU.ActiveCfg = Release|Any CPU
		{EF9A1410-2470-4BCD-9873-EE00104B1D85}.Debug|Any CPU.ActiveCfg = Debug|Any CPU
		{EF9A1410-2470-4BCD-9873-EE00104B1D85}.Debug|Any CPU.Build.0 = Debug|Any CPU
		{EF9A1410-2470-4BCD-9873-EE00104B1D85}.Release|Any CPU.ActiveCfg = Release|Any CPU
		{EF9A1410-2470-4BCD-9873-EE00104B1D85}.Release|Any CPU.Build.0 = Release|Any CPU
	EndGlobalSection
	GlobalSection(SolutionProperties) = preSolution
		HideSolutionNode = FALSE
	EndGlobalSection
	GlobalSection(ExtensibilityGlobals) = postSolution
		SolutionGuid = {AD83A0CD-9307-4CB1-985D-CE828E4BE444}
	EndGlobalSection
EndGlobal
