
Microsoft Visual Studio Solution File, Format Version 12.00
# Visual Studio Version 16
VisualStudioVersion = 16.0.29215.179
MinimumVisualStudioVersion = 10.0.40219.1
Project("{FAE04EC0-301F-11D3-BF4B-00C04F79EFBC}") = "0905_01_준비운동", "0905_01_준비운동\0905_01_준비운동.csproj", "{3E3D6018-F062-4106-8F95-2F8B2AAB1604}"
EndProject
Project("{FAE04EC0-301F-11D3-BF4B-00C04F79EFBC}") = "0905_02_Delegate", "0905_02_Delegate\0905_02_Delegate.csproj", "{1C58B4D2-5E8B-4997-A390-353AE6DFD73E}"
EndProject
Project("{FAE04EC0-301F-11D3-BF4B-00C04F79EFBC}") = "0905_03_Event", "0905_03_Event\0905_03_Event.csproj", "{1578563D-B83D-402A-AB5A-8FA0C4B1250E}"
EndProject
Global
	GlobalSection(SolutionConfigurationPlatforms) = preSolution
		Debug|Any CPU = Debug|Any CPU
		Release|Any CPU = Release|Any CPU
	EndGlobalSection
	GlobalSection(ProjectConfigurationPlatforms) = postSolution
		{3E3D6018-F062-4106-8F95-2F8B2AAB1604}.Debug|Any CPU.ActiveCfg = Debug|Any CPU
		{3E3D6018-F062-4106-8F95-2F8B2AAB1604}.Debug|Any CPU.Build.0 = Debug|Any CPU
		{3E3D6018-F062-4106-8F95-2F8B2AAB1604}.Release|Any CPU.ActiveCfg = Release|Any CPU
		{3E3D6018-F062-4106-8F95-2F8B2AAB1604}.Release|Any CPU.Build.0 = Release|Any CPU
		{1C58B4D2-5E8B-4997-A390-353AE6DFD73E}.Debug|Any CPU.ActiveCfg = Debug|Any CPU
		{1C58B4D2-5E8B-4997-A390-353AE6DFD73E}.Debug|Any CPU.Build.0 = Debug|Any CPU
		{1C58B4D2-5E8B-4997-A390-353AE6DFD73E}.Release|Any CPU.ActiveCfg = Release|Any CPU
		{1C58B4D2-5E8B-4997-A390-353AE6DFD73E}.Release|Any CPU.Build.0 = Release|Any CPU
		{1578563D-B83D-402A-AB5A-8FA0C4B1250E}.Debug|Any CPU.ActiveCfg = Debug|Any CPU
		{1578563D-B83D-402A-AB5A-8FA0C4B1250E}.Debug|Any CPU.Build.0 = Debug|Any CPU
		{1578563D-B83D-402A-AB5A-8FA0C4B1250E}.Release|Any CPU.ActiveCfg = Release|Any CPU
		{1578563D-B83D-402A-AB5A-8FA0C4B1250E}.Release|Any CPU.Build.0 = Release|Any CPU
	EndGlobalSection
	GlobalSection(SolutionProperties) = preSolution
		HideSolutionNode = FALSE
	EndGlobalSection
	GlobalSection(ExtensibilityGlobals) = postSolution
		SolutionGuid = {6ADA3133-08A4-4E3B-A826-215197674F13}
	EndGlobalSection
EndGlobal
