
Microsoft Visual Studio Solution File, Format Version 12.00
# Visual Studio Version 16
VisualStudioVersion = 16.0.29215.179
MinimumVisualStudioVersion = 10.0.40219.1
Project("{FAE04EC0-301F-11D3-BF4B-00C04F79EFBC}") = "0830_01_준비운동", "0830_01_준비운동\0830_01_준비운동.csproj", "{777C64A5-133B-4991-B129-1A54A82F1ABC}"
EndProject
Project("{FAE04EC0-301F-11D3-BF4B-00C04F79EFBC}") = "0830_01_MyCalculator", "0830_01_MyCalculator\0830_01_MyCalculator.csproj", "{A146A6C0-A598-4EDE-9994-92DFC6BEAC1B}"
EndProject
Project("{FAE04EC0-301F-11D3-BF4B-00C04F79EFBC}") = "0830_02_매개변수전달", "0803_02_매개변수전달\0830_02_매개변수전달.csproj", "{FCA167AD-D488-4F20-B69E-05DCD9ECC94F}"
EndProject
Project("{FAE04EC0-301F-11D3-BF4B-00C04F79EFBC}") = "0830_03_Constructor", "0830_03_Constructor\0830_03_Constructor.csproj", "{19B4885A-8BE7-47A3-91A4-A9454A2F03FA}"
EndProject
Project("{FAE04EC0-301F-11D3-BF4B-00C04F79EFBC}") = "0830_04_주말숙제", "0830_04_주말숙제\0830_04_주말숙제.csproj", "{DA1CE7C6-3024-43BC-9127-75C0D02DB0A8}"
EndProject
Global
	GlobalSection(SolutionConfigurationPlatforms) = preSolution
		Debug|Any CPU = Debug|Any CPU
		Release|Any CPU = Release|Any CPU
	EndGlobalSection
	GlobalSection(ProjectConfigurationPlatforms) = postSolution
		{777C64A5-133B-4991-B129-1A54A82F1ABC}.Debug|Any CPU.ActiveCfg = Debug|Any CPU
		{777C64A5-133B-4991-B129-1A54A82F1ABC}.Debug|Any CPU.Build.0 = Debug|Any CPU
		{777C64A5-133B-4991-B129-1A54A82F1ABC}.Release|Any CPU.ActiveCfg = Release|Any CPU
		{777C64A5-133B-4991-B129-1A54A82F1ABC}.Release|Any CPU.Build.0 = Release|Any CPU
		{A146A6C0-A598-4EDE-9994-92DFC6BEAC1B}.Debug|Any CPU.ActiveCfg = Debug|Any CPU
		{A146A6C0-A598-4EDE-9994-92DFC6BEAC1B}.Debug|Any CPU.Build.0 = Debug|Any CPU
		{A146A6C0-A598-4EDE-9994-92DFC6BEAC1B}.Release|Any CPU.ActiveCfg = Release|Any CPU
		{A146A6C0-A598-4EDE-9994-92DFC6BEAC1B}.Release|Any CPU.Build.0 = Release|Any CPU
		{FCA167AD-D488-4F20-B69E-05DCD9ECC94F}.Debug|Any CPU.ActiveCfg = Debug|Any CPU
		{FCA167AD-D488-4F20-B69E-05DCD9ECC94F}.Debug|Any CPU.Build.0 = Debug|Any CPU
		{FCA167AD-D488-4F20-B69E-05DCD9ECC94F}.Release|Any CPU.ActiveCfg = Release|Any CPU
		{FCA167AD-D488-4F20-B69E-05DCD9ECC94F}.Release|Any CPU.Build.0 = Release|Any CPU
		{19B4885A-8BE7-47A3-91A4-A9454A2F03FA}.Debug|Any CPU.ActiveCfg = Debug|Any CPU
		{19B4885A-8BE7-47A3-91A4-A9454A2F03FA}.Debug|Any CPU.Build.0 = Debug|Any CPU
		{19B4885A-8BE7-47A3-91A4-A9454A2F03FA}.Release|Any CPU.ActiveCfg = Release|Any CPU
		{19B4885A-8BE7-47A3-91A4-A9454A2F03FA}.Release|Any CPU.Build.0 = Release|Any CPU
		{DA1CE7C6-3024-43BC-9127-75C0D02DB0A8}.Debug|Any CPU.ActiveCfg = Debug|Any CPU
		{DA1CE7C6-3024-43BC-9127-75C0D02DB0A8}.Debug|Any CPU.Build.0 = Debug|Any CPU
		{DA1CE7C6-3024-43BC-9127-75C0D02DB0A8}.Release|Any CPU.ActiveCfg = Release|Any CPU
		{DA1CE7C6-3024-43BC-9127-75C0D02DB0A8}.Release|Any CPU.Build.0 = Release|Any CPU
	EndGlobalSection
	GlobalSection(SolutionProperties) = preSolution
		HideSolutionNode = FALSE
	EndGlobalSection
	GlobalSection(ExtensibilityGlobals) = postSolution
		SolutionGuid = {60FC5E0E-3A46-44C6-A938-458FE6B053D3}
	EndGlobalSection
EndGlobal
