
Microsoft Visual Studio Solution File, Format Version 12.00
# Visual Studio Version 16
VisualStudioVersion = 16.0.29215.179
MinimumVisualStudioVersion = 10.0.40219.1
Project("{FAE04EC0-301F-11D3-BF4B-00C04F79EFBC}") = "0826_01", "0826_01\0826_01.csproj", "{42099624-9009-47DC-B433-A620CE079A05}"
EndProject
Global
	GlobalSection(SolutionConfigurationPlatforms) = preSolution
		Debug|Any CPU = Debug|Any CPU
		Release|Any CPU = Release|Any CPU
	EndGlobalSection
	GlobalSection(ProjectConfigurationPlatforms) = postSolution
		{42099624-9009-47DC-B433-A620CE079A05}.Debug|Any CPU.ActiveCfg = Debug|Any CPU
		{42099624-9009-47DC-B433-A620CE079A05}.Debug|Any CPU.Build.0 = Debug|Any CPU
		{42099624-9009-47DC-B433-A620CE079A05}.Release|Any CPU.ActiveCfg = Release|Any CPU
		{42099624-9009-47DC-B433-A620CE079A05}.Release|Any CPU.Build.0 = Release|Any CPU
	EndGlobalSection
	GlobalSection(SolutionProperties) = preSolution
		HideSolutionNode = FALSE
	EndGlobalSection
	GlobalSection(ExtensibilityGlobals) = postSolution
		SolutionGuid = {DA5DCC54-A81E-4170-A508-90FF832FCD9D}
	EndGlobalSection
EndGlobal
