
Microsoft Visual Studio Solution File, Format Version 12.00
# Visual Studio Version 16
VisualStudioVersion = 16.0.29215.179
MinimumVisualStudioVersion = 10.0.40219.1
Project("{FAE04EC0-301F-11D3-BF4B-00C04F79EFBC}") = "0918_01_Predicate", "0918_01_Predicate\0918_01_Predicate.csproj", "{74DF031D-5529-41E3-9A62-C4196BBCBC74}"
EndProject
Project("{FAE04EC0-301F-11D3-BF4B-00C04F79EFBC}") = "0918_02_Singleton", "0918_02_Singleton\0918_02_Singleton.csproj", "{D6612699-87C4-4B4A-BFF1-1B5F144EA7F1}"
EndProject
Global
	GlobalSection(SolutionConfigurationPlatforms) = preSolution
		Debug|Any CPU = Debug|Any CPU
		Release|Any CPU = Release|Any CPU
	EndGlobalSection
	GlobalSection(ProjectConfigurationPlatforms) = postSolution
		{74DF031D-5529-41E3-9A62-C4196BBCBC74}.Debug|Any CPU.ActiveCfg = Debug|Any CPU
		{74DF031D-5529-41E3-9A62-C4196BBCBC74}.Debug|Any CPU.Build.0 = Debug|Any CPU
		{74DF031D-5529-41E3-9A62-C4196BBCBC74}.Release|Any CPU.ActiveCfg = Release|Any CPU
		{74DF031D-5529-41E3-9A62-C4196BBCBC74}.Release|Any CPU.Build.0 = Release|Any CPU
		{D6612699-87C4-4B4A-BFF1-1B5F144EA7F1}.Debug|Any CPU.ActiveCfg = Debug|Any CPU
		{D6612699-87C4-4B4A-BFF1-1B5F144EA7F1}.Debug|Any CPU.Build.0 = Debug|Any CPU
		{D6612699-87C4-4B4A-BFF1-1B5F144EA7F1}.Release|Any CPU.ActiveCfg = Release|Any CPU
		{D6612699-87C4-4B4A-BFF1-1B5F144EA7F1}.Release|Any CPU.Build.0 = Release|Any CPU
	EndGlobalSection
	GlobalSection(SolutionProperties) = preSolution
		HideSolutionNode = FALSE
	EndGlobalSection
	GlobalSection(ExtensibilityGlobals) = postSolution
		SolutionGuid = {6E43F5EC-7033-4F78-8E22-59857C1DC705}
	EndGlobalSection
EndGlobal
