
Microsoft Visual Studio Solution File, Format Version 12.00
# Visual Studio Version 16
VisualStudioVersion = 16.0.29215.179
MinimumVisualStudioVersion = 10.0.40219.1
Project("{FAE04EC0-301F-11D3-BF4B-00C04F79EFBC}") = "1030_01_IDPWDSearch", "1030_01_IDPWDSearch\1030_01_IDPWDSearch.csproj", "{D2785CAF-F8FA-4EF7-AD7D-C5BB50C53B19}"
EndProject
Project("{FAE04EC0-301F-11D3-BF4B-00C04F79EFBC}") = "EmailSend_1030", "EmailSend_1030\EmailSend_1030.csproj", "{F6D5DE3A-4056-4C7B-B634-E9041F775DC8}"
EndProject
Project("{FAE04EC0-301F-11D3-BF4B-00C04F79EFBC}") = "RandomPassword_1030", "RandomPassword_1030\RandomPassword_1030.csproj", "{02F58476-C11B-47EC-AFC7-841F6FA1B5CF}"
EndProject
Global
	GlobalSection(SolutionConfigurationPlatforms) = preSolution
		Debug|Any CPU = Debug|Any CPU
		Release|Any CPU = Release|Any CPU
	EndGlobalSection
	GlobalSection(ProjectConfigurationPlatforms) = postSolution
		{D2785CAF-F8FA-4EF7-AD7D-C5BB50C53B19}.Debug|Any CPU.ActiveCfg = Debug|Any CPU
		{D2785CAF-F8FA-4EF7-AD7D-C5BB50C53B19}.Debug|Any CPU.Build.0 = Debug|Any CPU
		{D2785CAF-F8FA-4EF7-AD7D-C5BB50C53B19}.Release|Any CPU.ActiveCfg = Release|Any CPU
		{D2785CAF-F8FA-4EF7-AD7D-C5BB50C53B19}.Release|Any CPU.Build.0 = Release|Any CPU
		{F6D5DE3A-4056-4C7B-B634-E9041F775DC8}.Debug|Any CPU.ActiveCfg = Debug|Any CPU
		{F6D5DE3A-4056-4C7B-B634-E9041F775DC8}.Debug|Any CPU.Build.0 = Debug|Any CPU
		{F6D5DE3A-4056-4C7B-B634-E9041F775DC8}.Release|Any CPU.ActiveCfg = Release|Any CPU
		{F6D5DE3A-4056-4C7B-B634-E9041F775DC8}.Release|Any CPU.Build.0 = Release|Any CPU
		{02F58476-C11B-47EC-AFC7-841F6FA1B5CF}.Debug|Any CPU.ActiveCfg = Debug|Any CPU
		{02F58476-C11B-47EC-AFC7-841F6FA1B5CF}.Debug|Any CPU.Build.0 = Debug|Any CPU
		{02F58476-C11B-47EC-AFC7-841F6FA1B5CF}.Release|Any CPU.ActiveCfg = Release|Any CPU
		{02F58476-C11B-47EC-AFC7-841F6FA1B5CF}.Release|Any CPU.Build.0 = Release|Any CPU
	EndGlobalSection
	GlobalSection(SolutionProperties) = preSolution
		HideSolutionNode = FALSE
	EndGlobalSection
	GlobalSection(ExtensibilityGlobals) = postSolution
		SolutionGuid = {969BA642-1E3A-4AE6-8FEA-DDD03AF8C5DF}
	EndGlobalSection
EndGlobal
