
Microsoft Visual Studio Solution File, Format Version 12.00
# Visual Studio Version 16
VisualStudioVersion = 16.0.29306.81
MinimumVisualStudioVersion = 10.0.40219.1
Project("{FAE04EC0-301F-11D3-BF4B-00C04F79EFBC}") = "MachineProject", "MachineProject\MachineProject.csproj", "{D2082800-4D0B-4EC4-BD82-ED946B721526}"
EndProject
Global
	GlobalSection(SolutionConfigurationPlatforms) = preSolution
		Debug|Any CPU = Debug|Any CPU
		Release|Any CPU = Release|Any CPU
	EndGlobalSection
	GlobalSection(ProjectConfigurationPlatforms) = postSolution
		{D2082800-4D0B-4EC4-BD82-ED946B721526}.Debug|Any CPU.ActiveCfg = Debug|Any CPU
		{D2082800-4D0B-4EC4-BD82-ED946B721526}.Debug|Any CPU.Build.0 = Debug|Any CPU
		{D2082800-4D0B-4EC4-BD82-ED946B721526}.Release|Any CPU.ActiveCfg = Release|Any CPU
		{D2082800-4D0B-4EC4-BD82-ED946B721526}.Release|Any CPU.Build.0 = Release|Any CPU
	EndGlobalSection
	GlobalSection(SolutionProperties) = preSolution
		HideSolutionNode = FALSE
	EndGlobalSection
	GlobalSection(ExtensibilityGlobals) = postSolution
		SolutionGuid = {161BB8F6-3765-402A-B37D-DF5A3D171A8F}
	EndGlobalSection
EndGlobal
