
Microsoft Visual Studio Solution File, Format Version 12.00
# Visual Studio Version 16
VisualStudioVersion = 16.0.29503.13
MinimumVisualStudioVersion = 10.0.40219.1
Project("{888888A0-9F3D-457C-B088-3A5042F75D52}") = "1115", "1115\1115.pyproj", "{607770DF-4ADC-41E5-AD0F-C3236AA122BB}"
EndProject
Global
	GlobalSection(SolutionConfigurationPlatforms) = preSolution
		Debug|Any CPU = Debug|Any CPU
		Release|Any CPU = Release|Any CPU
	EndGlobalSection
	GlobalSection(ProjectConfigurationPlatforms) = postSolution
		{607770DF-4ADC-41E5-AD0F-C3236AA122BB}.Debug|Any CPU.ActiveCfg = Debug|Any CPU
		{607770DF-4ADC-41E5-AD0F-C3236AA122BB}.Release|Any CPU.ActiveCfg = Release|Any CPU
	EndGlobalSection
	GlobalSection(SolutionProperties) = preSolution
		HideSolutionNode = FALSE
	EndGlobalSection
	GlobalSection(ExtensibilityGlobals) = postSolution
		SolutionGuid = {6F9395F7-655A-4161-A587-CDF0A770926A}
	EndGlobalSection
EndGlobal
