
Microsoft Visual Studio Solution File, Format Version 12.00
# Visual Studio Version 16
VisualStudioVersion = 16.0.29215.179
MinimumVisualStudioVersion = 10.0.40219.1
Project("{FAE04EC0-301F-11D3-BF4B-00C04F79EFBC}") = "0917_01_준비운동", "0917_01_준비운동\0917_01_준비운동.csproj", "{C1566408-D912-428D-A79A-2B97FBC8C1E1}"
EndProject
Project("{FAE04EC0-301F-11D3-BF4B-00C04F79EFBC}") = "0917_02_Generics", "0917_02_Generics\0917_02_Generics.csproj", "{135ACCD2-9132-4036-8D74-75D96FD2BF04}"
EndProject
Project("{FAE04EC0-301F-11D3-BF4B-00C04F79EFBC}") = "0917_03_Anonymous", "0917_03_Anonymous\0917_03_Anonymous.csproj", "{B6227627-99B1-435C-98E6-F9A4738A664B}"
EndProject
Project("{FAE04EC0-301F-11D3-BF4B-00C04F79EFBC}") = "0917_04_StringBuilder", "0917_04_StringBuilder\0917_04_StringBuilder.csproj", "{ABB5420D-FBDE-4A1E-9CD0-E50F4E0361DA}"
EndProject
Project("{FAE04EC0-301F-11D3-BF4B-00C04F79EFBC}") = "0917_05_Practice", "0917_05_Prectice\0917_05_Practice.csproj", "{694CA874-5DD4-43CD-B3CD-B421D050F754}"
EndProject
Global
	GlobalSection(SolutionConfigurationPlatforms) = preSolution
		Debug|Any CPU = Debug|Any CPU
		Release|Any CPU = Release|Any CPU
	EndGlobalSection
	GlobalSection(ProjectConfigurationPlatforms) = postSolution
		{C1566408-D912-428D-A79A-2B97FBC8C1E1}.Debug|Any CPU.ActiveCfg = Debug|Any CPU
		{C1566408-D912-428D-A79A-2B97FBC8C1E1}.Debug|Any CPU.Build.0 = Debug|Any CPU
		{C1566408-D912-428D-A79A-2B97FBC8C1E1}.Release|Any CPU.ActiveCfg = Release|Any CPU
		{C1566408-D912-428D-A79A-2B97FBC8C1E1}.Release|Any CPU.Build.0 = Release|Any CPU
		{135ACCD2-9132-4036-8D74-75D96FD2BF04}.Debug|Any CPU.ActiveCfg = Debug|Any CPU
		{135ACCD2-9132-4036-8D74-75D96FD2BF04}.Debug|Any CPU.Build.0 = Debug|Any CPU
		{135ACCD2-9132-4036-8D74-75D96FD2BF04}.Release|Any CPU.ActiveCfg = Release|Any CPU
		{135ACCD2-9132-4036-8D74-75D96FD2BF04}.Release|Any CPU.Build.0 = Release|Any CPU
		{B6227627-99B1-435C-98E6-F9A4738A664B}.Debug|Any CPU.ActiveCfg = Debug|Any CPU
		{B6227627-99B1-435C-98E6-F9A4738A664B}.Debug|Any CPU.Build.0 = Debug|Any CPU
		{B6227627-99B1-435C-98E6-F9A4738A664B}.Release|Any CPU.ActiveCfg = Release|Any CPU
		{B6227627-99B1-435C-98E6-F9A4738A664B}.Release|Any CPU.Build.0 = Release|Any CPU
		{ABB5420D-FBDE-4A1E-9CD0-E50F4E0361DA}.Debug|Any CPU.ActiveCfg = Debug|Any CPU
		{ABB5420D-FBDE-4A1E-9CD0-E50F4E0361DA}.Debug|Any CPU.Build.0 = Debug|Any CPU
		{ABB5420D-FBDE-4A1E-9CD0-E50F4E0361DA}.Release|Any CPU.ActiveCfg = Release|Any CPU
		{ABB5420D-FBDE-4A1E-9CD0-E50F4E0361DA}.Release|Any CPU.Build.0 = Release|Any CPU
		{694CA874-5DD4-43CD-B3CD-B421D050F754}.Debug|Any CPU.ActiveCfg = Debug|Any CPU
		{694CA874-5DD4-43CD-B3CD-B421D050F754}.Debug|Any CPU.Build.0 = Debug|Any CPU
		{694CA874-5DD4-43CD-B3CD-B421D050F754}.Release|Any CPU.ActiveCfg = Release|Any CPU
		{694CA874-5DD4-43CD-B3CD-B421D050F754}.Release|Any CPU.Build.0 = Release|Any CPU
	EndGlobalSection
	GlobalSection(SolutionProperties) = preSolution
		HideSolutionNode = FALSE
	EndGlobalSection
	GlobalSection(ExtensibilityGlobals) = postSolution
		SolutionGuid = {EA5AEFE3-A200-4335-99E0-FA4DA6C2F764}
	EndGlobalSection
EndGlobal
