
Microsoft Visual Studio Solution File, Format Version 12.00
# Visual Studio Version 16
VisualStudioVersion = 16.0.29306.81
MinimumVisualStudioVersion = 10.0.40219.1
Project("{FAE04EC0-301F-11D3-BF4B-00C04F79EFBC}") = "1001_01_컨트롤과친해지기", "1001_01_컨트롤과친해지기\1001_01_컨트롤과친해지기.csproj", "{BCEFE988-6E06-4696-B92C-AF1D7605978C}"
EndProject
Project("{FAE04EC0-301F-11D3-BF4B-00C04F79EFBC}") = "1001_02_WinFormPrint", "1001_02_WinFormPrint\1001_02_WinFormPrint.csproj", "{F1BDDD69-5C19-476C-995C-DB2C4FFD34E9}"
EndProject
Project("{FAE04EC0-301F-11D3-BF4B-00C04F79EFBC}") = "1001_03_CustomControl", "1001_03_PersonalControl\1001_03_CustomControl.csproj", "{A6FA778D-D02D-4B37-AD1F-463E1F6BB85D}"
EndProject
Global
	GlobalSection(SolutionConfigurationPlatforms) = preSolution
		Debug|Any CPU = Debug|Any CPU
		Release|Any CPU = Release|Any CPU
	EndGlobalSection
	GlobalSection(ProjectConfigurationPlatforms) = postSolution
		{BCEFE988-6E06-4696-B92C-AF1D7605978C}.Debug|Any CPU.ActiveCfg = Debug|Any CPU
		{BCEFE988-6E06-4696-B92C-AF1D7605978C}.Debug|Any CPU.Build.0 = Debug|Any CPU
		{BCEFE988-6E06-4696-B92C-AF1D7605978C}.Release|Any CPU.ActiveCfg = Release|Any CPU
		{BCEFE988-6E06-4696-B92C-AF1D7605978C}.Release|Any CPU.Build.0 = Release|Any CPU
		{F1BDDD69-5C19-476C-995C-DB2C4FFD34E9}.Debug|Any CPU.ActiveCfg = Debug|Any CPU
		{F1BDDD69-5C19-476C-995C-DB2C4FFD34E9}.Debug|Any CPU.Build.0 = Debug|Any CPU
		{F1BDDD69-5C19-476C-995C-DB2C4FFD34E9}.Release|Any CPU.ActiveCfg = Release|Any CPU
		{F1BDDD69-5C19-476C-995C-DB2C4FFD34E9}.Release|Any CPU.Build.0 = Release|Any CPU
		{A6FA778D-D02D-4B37-AD1F-463E1F6BB85D}.Debug|Any CPU.ActiveCfg = Debug|Any CPU
		{A6FA778D-D02D-4B37-AD1F-463E1F6BB85D}.Debug|Any CPU.Build.0 = Debug|Any CPU
		{A6FA778D-D02D-4B37-AD1F-463E1F6BB85D}.Release|Any CPU.ActiveCfg = Release|Any CPU
		{A6FA778D-D02D-4B37-AD1F-463E1F6BB85D}.Release|Any CPU.Build.0 = Release|Any CPU
	EndGlobalSection
	GlobalSection(SolutionProperties) = preSolution
		HideSolutionNode = FALSE
	EndGlobalSection
	GlobalSection(ExtensibilityGlobals) = postSolution
		SolutionGuid = {5BB4C7B6-B560-4BA6-9288-F10F3353791D}
	EndGlobalSection
EndGlobal
