
Microsoft Visual Studio Solution File, Format Version 12.00
# Visual Studio Version 16
VisualStudioVersion = 16.0.29306.81
MinimumVisualStudioVersion = 10.0.40219.1
Project("{FAE04EC0-301F-11D3-BF4B-00C04F79EFBC}") = "1007_01_PlaceHolder", "1007_01_PlaceHolder\1007_01_PlaceHolder.csproj", "{10EADF68-3EF0-4999-AC87-090990008E26}"
EndProject
Global
	GlobalSection(SolutionConfigurationPlatforms) = preSolution
		Debug|Any CPU = Debug|Any CPU
		Release|Any CPU = Release|Any CPU
	EndGlobalSection
	GlobalSection(ProjectConfigurationPlatforms) = postSolution
		{10EADF68-3EF0-4999-AC87-090990008E26}.Debug|Any CPU.ActiveCfg = Debug|Any CPU
		{10EADF68-3EF0-4999-AC87-090990008E26}.Debug|Any CPU.Build.0 = Debug|Any CPU
		{10EADF68-3EF0-4999-AC87-090990008E26}.Release|Any CPU.ActiveCfg = Release|Any CPU
		{10EADF68-3EF0-4999-AC87-090990008E26}.Release|Any CPU.Build.0 = Release|Any CPU
	EndGlobalSection
	GlobalSection(SolutionProperties) = preSolution
		HideSolutionNode = FALSE
	EndGlobalSection
	GlobalSection(ExtensibilityGlobals) = postSolution
		SolutionGuid = {A9E9DDBF-2824-4194-8815-1C9C77AD0B98}
	EndGlobalSection
EndGlobal
