
Microsoft Visual Studio Solution File, Format Version 12.00
# Visual Studio Version 16
VisualStudioVersion = 16.0.29215.179
MinimumVisualStudioVersion = 10.0.40219.1
Project("{FAE04EC0-301F-11D3-BF4B-00C04F79EFBC}") = "0910_01_IEnumerable", "0910_01_IEnumerable\0910_01_IEnumerable.csproj", "{B91C320F-5C3A-4E6F-9E5F-621024DDDF7A}"
EndProject
Project("{FAE04EC0-301F-11D3-BF4B-00C04F79EFBC}") = "0910_02_commendTestWithAssemblyInfo", "0910_02_commendTest\0910_02_commendTestWithAssemblyInfo.csproj", "{12F6672A-EB48-4E79-A398-D487694226B6}"
EndProject
Project("{FAE04EC0-301F-11D3-BF4B-00C04F79EFBC}") = "0910_03_using", "0910_03_using\0910_03_using.csproj", "{B657D563-21CC-47A8-A9C8-DC6A88518B54}"
EndProject
Global
	GlobalSection(SolutionConfigurationPlatforms) = preSolution
		Debug|Any CPU = Debug|Any CPU
		Release|Any CPU = Release|Any CPU
	EndGlobalSection
	GlobalSection(ProjectConfigurationPlatforms) = postSolution
		{B91C320F-5C3A-4E6F-9E5F-621024DDDF7A}.Debug|Any CPU.ActiveCfg = Debug|Any CPU
		{B91C320F-5C3A-4E6F-9E5F-621024DDDF7A}.Debug|Any CPU.Build.0 = Debug|Any CPU
		{B91C320F-5C3A-4E6F-9E5F-621024DDDF7A}.Release|Any CPU.ActiveCfg = Release|Any CPU
		{B91C320F-5C3A-4E6F-9E5F-621024DDDF7A}.Release|Any CPU.Build.0 = Release|Any CPU
		{12F6672A-EB48-4E79-A398-D487694226B6}.Debug|Any CPU.ActiveCfg = Debug|Any CPU
		{12F6672A-EB48-4E79-A398-D487694226B6}.Debug|Any CPU.Build.0 = Debug|Any CPU
		{12F6672A-EB48-4E79-A398-D487694226B6}.Release|Any CPU.ActiveCfg = Release|Any CPU
		{12F6672A-EB48-4E79-A398-D487694226B6}.Release|Any CPU.Build.0 = Release|Any CPU
		{B657D563-21CC-47A8-A9C8-DC6A88518B54}.Debug|Any CPU.ActiveCfg = Debug|Any CPU
		{B657D563-21CC-47A8-A9C8-DC6A88518B54}.Debug|Any CPU.Build.0 = Debug|Any CPU
		{B657D563-21CC-47A8-A9C8-DC6A88518B54}.Release|Any CPU.ActiveCfg = Release|Any CPU
		{B657D563-21CC-47A8-A9C8-DC6A88518B54}.Release|Any CPU.Build.0 = Release|Any CPU
	EndGlobalSection
	GlobalSection(SolutionProperties) = preSolution
		HideSolutionNode = FALSE
	EndGlobalSection
	GlobalSection(ExtensibilityGlobals) = postSolution
		SolutionGuid = {D6531F51-B2AC-4C92-81AC-50369A75316D}
	EndGlobalSection
EndGlobal
