
Microsoft Visual Studio Solution File, Format Version 12.00
# Visual Studio Version 16
VisualStudioVersion = 16.0.29403.142
MinimumVisualStudioVersion = 10.0.40219.1
Project("{FAE04EC0-301F-11D3-BF4B-00C04F79EFBC}") = "1017_01_DataGridView", "1017_01_DataGridView\1017_01_DataGridView.csproj", "{9E868187-63C5-4D92-A60F-FB7D8B8664B5}"
EndProject
Global
	GlobalSection(SolutionConfigurationPlatforms) = preSolution
		Debug|Any CPU = Debug|Any CPU
		Release|Any CPU = Release|Any CPU
	EndGlobalSection
	GlobalSection(ProjectConfigurationPlatforms) = postSolution
		{9E868187-63C5-4D92-A60F-FB7D8B8664B5}.Debug|Any CPU.ActiveCfg = Debug|Any CPU
		{9E868187-63C5-4D92-A60F-FB7D8B8664B5}.Debug|Any CPU.Build.0 = Debug|Any CPU
		{9E868187-63C5-4D92-A60F-FB7D8B8664B5}.Release|Any CPU.ActiveCfg = Release|Any CPU
		{9E868187-63C5-4D92-A60F-FB7D8B8664B5}.Release|Any CPU.Build.0 = Release|Any CPU
	EndGlobalSection
	GlobalSection(SolutionProperties) = preSolution
		HideSolutionNode = FALSE
	EndGlobalSection
	GlobalSection(ExtensibilityGlobals) = postSolution
		SolutionGuid = {FCB8C5D0-F617-4CF4-8012-2005DDE94B71}
	EndGlobalSection
EndGlobal
