
Microsoft Visual Studio Solution File, Format Version 12.00
# Visual Studio Version 16
VisualStudioVersion = 16.0.29503.13
MinimumVisualStudioVersion = 10.0.40219.1
Project("{888888A0-9F3D-457C-B088-3A5042F75D52}") = "1113_01_몸풀기", "1113_01_몸풀기\1113_01_몸풀기.pyproj", "{72EE4FCD-D5CD-4350-BFD7-4648B030F3EA}"
EndProject
Global
	GlobalSection(SolutionConfigurationPlatforms) = preSolution
		Debug|Any CPU = Debug|Any CPU
		Release|Any CPU = Release|Any CPU
	EndGlobalSection
	GlobalSection(ProjectConfigurationPlatforms) = postSolution
		{72EE4FCD-D5CD-4350-BFD7-4648B030F3EA}.Debug|Any CPU.ActiveCfg = Debug|Any CPU
		{72EE4FCD-D5CD-4350-BFD7-4648B030F3EA}.Release|Any CPU.ActiveCfg = Release|Any CPU
	EndGlobalSection
	GlobalSection(SolutionProperties) = preSolution
		HideSolutionNode = FALSE
	EndGlobalSection
	GlobalSection(ExtensibilityGlobals) = postSolution
		SolutionGuid = {E415F2E7-1015-4A3B-AAB0-E4BF5489D432}
	EndGlobalSection
EndGlobal
