
Microsoft Visual Studio Solution File, Format Version 12.00
# Visual Studio Version 16
VisualStudioVersion = 16.0.29215.179
MinimumVisualStudioVersion = 10.0.40219.1
Project("{FAE04EC0-301F-11D3-BF4B-00C04F79EFBC}") = "0906_01_Interface", "0906_01_Interface\0906_01_Interface.csproj", "{537226F2-CB12-418F-BBEC-27C1329F286E}"
EndProject
Project("{FAE04EC0-301F-11D3-BF4B-00C04F79EFBC}") = "0906_02_Struct", "0906_02_Struct\0906_02_Struct.csproj", "{32023300-905C-4B97-89C7-EF7F0C2BDB9F}"
EndProject
Project("{FAE04EC0-301F-11D3-BF4B-00C04F79EFBC}") = "0906_03_M", "0906_03_M\0906_03_M.csproj", "{4AC54AF0-9E16-4F34-AFC4-FB3A9A3B51FE}"
EndProject
Project("{FAE04EC0-301F-11D3-BF4B-00C04F79EFBC}") = "0906_04_enum", "0906_04_enum\0906_04_enum.csproj", "{12E4C2A1-27F9-49E2-B9AF-9B6C0CB4750D}"
EndProject
Global
	GlobalSection(SolutionConfigurationPlatforms) = preSolution
		Debug|Any CPU = Debug|Any CPU
		Release|Any CPU = Release|Any CPU
	EndGlobalSection
	GlobalSection(ProjectConfigurationPlatforms) = postSolution
		{537226F2-CB12-418F-BBEC-27C1329F286E}.Debug|Any CPU.ActiveCfg = Debug|Any CPU
		{537226F2-CB12-418F-BBEC-27C1329F286E}.Debug|Any CPU.Build.0 = Debug|Any CPU
		{537226F2-CB12-418F-BBEC-27C1329F286E}.Release|Any CPU.ActiveCfg = Release|Any CPU
		{537226F2-CB12-418F-BBEC-27C1329F286E}.Release|Any CPU.Build.0 = Release|Any CPU
		{32023300-905C-4B97-89C7-EF7F0C2BDB9F}.Debug|Any CPU.ActiveCfg = Debug|Any CPU
		{32023300-905C-4B97-89C7-EF7F0C2BDB9F}.Debug|Any CPU.Build.0 = Debug|Any CPU
		{32023300-905C-4B97-89C7-EF7F0C2BDB9F}.Release|Any CPU.ActiveCfg = Release|Any CPU
		{32023300-905C-4B97-89C7-EF7F0C2BDB9F}.Release|Any CPU.Build.0 = Release|Any CPU
		{4AC54AF0-9E16-4F34-AFC4-FB3A9A3B51FE}.Debug|Any CPU.ActiveCfg = Debug|Any CPU
		{4AC54AF0-9E16-4F34-AFC4-FB3A9A3B51FE}.Debug|Any CPU.Build.0 = Debug|Any CPU
		{4AC54AF0-9E16-4F34-AFC4-FB3A9A3B51FE}.Release|Any CPU.ActiveCfg = Release|Any CPU
		{4AC54AF0-9E16-4F34-AFC4-FB3A9A3B51FE}.Release|Any CPU.Build.0 = Release|Any CPU
		{12E4C2A1-27F9-49E2-B9AF-9B6C0CB4750D}.Debug|Any CPU.ActiveCfg = Debug|Any CPU
		{12E4C2A1-27F9-49E2-B9AF-9B6C0CB4750D}.Debug|Any CPU.Build.0 = Debug|Any CPU
		{12E4C2A1-27F9-49E2-B9AF-9B6C0CB4750D}.Release|Any CPU.ActiveCfg = Release|Any CPU
		{12E4C2A1-27F9-49E2-B9AF-9B6C0CB4750D}.Release|Any CPU.Build.0 = Release|Any CPU
	EndGlobalSection
	GlobalSection(SolutionProperties) = preSolution
		HideSolutionNode = FALSE
	EndGlobalSection
	GlobalSection(ExtensibilityGlobals) = postSolution
		SolutionGuid = {A18B2399-1551-437F-9B8D-06C25E375C7A}
	EndGlobalSection
EndGlobal
