
Microsoft Visual Studio Solution File, Format Version 12.00
# Visual Studio Version 16
VisualStudioVersion = 16.0.29215.179
MinimumVisualStudioVersion = 10.0.40219.1
Project("{FAE04EC0-301F-11D3-BF4B-00C04F79EFBC}") = "0829_01 준비운동", "0829_01 준비운동\0829_01 준비운동.csproj", "{D8313912-B2DD-4277-A56E-92FF85208248}"
EndProject
Project("{FAE04EC0-301F-11D3-BF4B-00C04F79EFBC}") = "0829_02 Class", "0829_02 Class\0829_02 Class.csproj", "{99810F81-0632-47AB-84E2-BDFC5C30263C}"
EndProject
Project("{FAE04EC0-301F-11D3-BF4B-00C04F79EFBC}") = "projectEuler_004", "projectEuler_004\projectEuler_004.csproj", "{50266E96-C2F1-492F-A91B-DB6C2333323C}"
EndProject
Project("{FAE04EC0-301F-11D3-BF4B-00C04F79EFBC}") = "0829_03method", "0829_03 method\0829_03method.csproj", "{0CFB57F1-F813-4299-A251-18E9EAFC1BDB}"
EndProject
Project("{8BC9CEB8-8B4A-11D0-8D11-00A0C91BC942}") = "projectEuler_004_Example", "projectEuler_004_Example\projectEuler_004_Example.vcxproj", "{0633366F-6591-4BD3-84E9-BB9B6950CEED}"
EndProject
Global
	GlobalSection(SolutionConfigurationPlatforms) = preSolution
		Debug|Any CPU = Debug|Any CPU
		Debug|x64 = Debug|x64
		Debug|x86 = Debug|x86
		Release|Any CPU = Release|Any CPU
		Release|x64 = Release|x64
		Release|x86 = Release|x86
	EndGlobalSection
	GlobalSection(ProjectConfigurationPlatforms) = postSolution
		{D8313912-B2DD-4277-A56E-92FF85208248}.Debug|Any CPU.ActiveCfg = Debug|Any CPU
		{D8313912-B2DD-4277-A56E-92FF85208248}.Debug|Any CPU.Build.0 = Debug|Any CPU
		{D8313912-B2DD-4277-A56E-92FF85208248}.Debug|x64.ActiveCfg = Debug|Any CPU
		{D8313912-B2DD-4277-A56E-92FF85208248}.Debug|x64.Build.0 = Debug|Any CPU
		{D8313912-B2DD-4277-A56E-92FF85208248}.Debug|x86.ActiveCfg = Debug|Any CPU
		{D8313912-B2DD-4277-A56E-92FF85208248}.Debug|x86.Build.0 = Debug|Any CPU
		{D8313912-B2DD-4277-A56E-92FF85208248}.Release|Any CPU.ActiveCfg = Release|Any CPU
		{D8313912-B2DD-4277-A56E-92FF85208248}.Release|Any CPU.Build.0 = Release|Any CPU
		{D8313912-B2DD-4277-A56E-92FF85208248}.Release|x64.ActiveCfg = Release|Any CPU
		{D8313912-B2DD-4277-A56E-92FF85208248}.Release|x64.Build.0 = Release|Any CPU
		{D8313912-B2DD-4277-A56E-92FF85208248}.Release|x86.ActiveCfg = Release|Any CPU
		{D8313912-B2DD-4277-A56E-92FF85208248}.Release|x86.Build.0 = Release|Any CPU
		{99810F81-0632-47AB-84E2-BDFC5C30263C}.Debug|Any CPU.ActiveCfg = Debug|Any CPU
		{99810F81-0632-47AB-84E2-BDFC5C30263C}.Debug|Any CPU.Build.0 = Debug|Any CPU
		{99810F81-0632-47AB-84E2-BDFC5C30263C}.Debug|x64.ActiveCfg = Debug|Any CPU
		{99810F81-0632-47AB-84E2-BDFC5C30263C}.Debug|x64.Build.0 = Debug|Any CPU
		{99810F81-0632-47AB-84E2-BDFC5C30263C}.Debug|x86.ActiveCfg = Debug|Any CPU
		{99810F81-0632-47AB-84E2-BDFC5C30263C}.Debug|x86.Build.0 = Debug|Any CPU
		{99810F81-0632-47AB-84E2-BDFC5C30263C}.Release|Any CPU.ActiveCfg = Release|Any CPU
		{99810F81-0632-47AB-84E2-BDFC5C30263C}.Release|Any CPU.Build.0 = Release|Any CPU
		{99810F81-0632-47AB-84E2-BDFC5C30263C}.Release|x64.ActiveCfg = Release|Any CPU
		{99810F81-0632-47AB-84E2-BDFC5C30263C}.Release|x64.Build.0 = Release|Any CPU
		{99810F81-0632-47AB-84E2-BDFC5C30263C}.Release|x86.ActiveCfg = Release|Any CPU
		{99810F81-0632-47AB-84E2-BDFC5C30263C}.Release|x86.Build.0 = Release|Any CPU
		{50266E96-C2F1-492F-A91B-DB6C2333323C}.Debug|Any CPU.ActiveCfg = Debug|Any CPU
		{50266E96-C2F1-492F-A91B-DB6C2333323C}.Debug|Any CPU.Build.0 = Debug|Any CPU
		{50266E96-C2F1-492F-A91B-DB6C2333323C}.Debug|x64.ActiveCfg = Debug|Any CPU
		{50266E96-C2F1-492F-A91B-DB6C2333323C}.Debug|x64.Build.0 = Debug|Any CPU
		{50266E96-C2F1-492F-A91B-DB6C2333323C}.Debug|x86.ActiveCfg = Debug|Any CPU
		{50266E96-C2F1-492F-A91B-DB6C2333323C}.Debug|x86.Build.0 = Debug|Any CPU
		{50266E96-C2F1-492F-A91B-DB6C2333323C}.Release|Any CPU.ActiveCfg = Release|Any CPU
		{50266E96-C2F1-492F-A91B-DB6C2333323C}.Release|Any CPU.Build.0 = Release|Any CPU
		{50266E96-C2F1-492F-A91B-DB6C2333323C}.Release|x64.ActiveCfg = Release|Any CPU
		{50266E96-C2F1-492F-A91B-DB6C2333323C}.Release|x64.Build.0 = Release|Any CPU
		{50266E96-C2F1-492F-A91B-DB6C2333323C}.Release|x86.ActiveCfg = Release|Any CPU
		{50266E96-C2F1-492F-A91B-DB6C2333323C}.Release|x86.Build.0 = Release|Any CPU
		{0CFB57F1-F813-4299-A251-18E9EAFC1BDB}.Debug|Any CPU.ActiveCfg = Debug|Any CPU
		{0CFB57F1-F813-4299-A251-18E9EAFC1BDB}.Debug|Any CPU.Build.0 = Debug|Any CPU
		{0CFB57F1-F813-4299-A251-18E9EAFC1BDB}.Debug|x64.ActiveCfg = Debug|Any CPU
		{0CFB57F1-F813-4299-A251-18E9EAFC1BDB}.Debug|x64.Build.0 = Debug|Any CPU
		{0CFB57F1-F813-4299-A251-18E9EAFC1BDB}.Debug|x86.ActiveCfg = Debug|Any CPU
		{0CFB57F1-F813-4299-A251-18E9EAFC1BDB}.Debug|x86.Build.0 = Debug|Any CPU
		{0CFB57F1-F813-4299-A251-18E9EAFC1BDB}.Release|Any CPU.ActiveCfg = Release|Any CPU
		{0CFB57F1-F813-4299-A251-18E9EAFC1BDB}.Release|Any CPU.Build.0 = Release|Any CPU
		{0CFB57F1-F813-4299-A251-18E9EAFC1BDB}.Release|x64.ActiveCfg = Release|Any CPU
		{0CFB57F1-F813-4299-A251-18E9EAFC1BDB}.Release|x64.Build.0 = Release|Any CPU
		{0CFB57F1-F813-4299-A251-18E9EAFC1BDB}.Release|x86.ActiveCfg = Release|Any CPU
		{0CFB57F1-F813-4299-A251-18E9EAFC1BDB}.Release|x86.Build.0 = Release|Any CPU
		{0633366F-6591-4BD3-84E9-BB9B6950CEED}.Debug|Any CPU.ActiveCfg = Debug|Win32
		{0633366F-6591-4BD3-84E9-BB9B6950CEED}.Debug|x64.ActiveCfg = Debug|x64
		{0633366F-6591-4BD3-84E9-BB9B6950CEED}.Debug|x64.Build.0 = Debug|x64
		{0633366F-6591-4BD3-84E9-BB9B6950CEED}.Debug|x86.ActiveCfg = Debug|Win32
		{0633366F-6591-4BD3-84E9-BB9B6950CEED}.Debug|x86.Build.0 = Debug|Win32
		{0633366F-6591-4BD3-84E9-BB9B6950CEED}.Release|Any CPU.ActiveCfg = Release|Win32
		{0633366F-6591-4BD3-84E9-BB9B6950CEED}.Release|x64.ActiveCfg = Release|x64
		{0633366F-6591-4BD3-84E9-BB9B6950CEED}.Release|x64.Build.0 = Release|x64
		{0633366F-6591-4BD3-84E9-BB9B6950CEED}.Release|x86.ActiveCfg = Release|Win32
		{0633366F-6591-4BD3-84E9-BB9B6950CEED}.Release|x86.Build.0 = Release|Win32
	EndGlobalSection
	GlobalSection(SolutionProperties) = preSolution
		HideSolutionNode = FALSE
	EndGlobalSection
	GlobalSection(ExtensibilityGlobals) = postSolution
		SolutionGuid = {2A48E389-91F2-474B-A87C-1E984887C41C}
	EndGlobalSection
EndGlobal
