
Microsoft Visual Studio Solution File, Format Version 12.00
# Visual Studio Version 16
VisualStudioVersion = 16.0.29215.179
MinimumVisualStudioVersion = 10.0.40219.1
Project("{FAE04EC0-301F-11D3-BF4B-00C04F79EFBC}") = "1105_01_Static", "1105_01_Static\1105_01_Static.csproj", "{0E4F9E3D-FA4A-40EE-982E-E5957F240E8E}"
EndProject
Global
	GlobalSection(SolutionConfigurationPlatforms) = preSolution
		Debug|Any CPU = Debug|Any CPU
		Release|Any CPU = Release|Any CPU
	EndGlobalSection
	GlobalSection(ProjectConfigurationPlatforms) = postSolution
		{0E4F9E3D-FA4A-40EE-982E-E5957F240E8E}.Debug|Any CPU.ActiveCfg = Debug|Any CPU
		{0E4F9E3D-FA4A-40EE-982E-E5957F240E8E}.Debug|Any CPU.Build.0 = Debug|Any CPU
		{0E4F9E3D-FA4A-40EE-982E-E5957F240E8E}.Release|Any CPU.ActiveCfg = Release|Any CPU
		{0E4F9E3D-FA4A-40EE-982E-E5957F240E8E}.Release|Any CPU.Build.0 = Release|Any CPU
	EndGlobalSection
	GlobalSection(SolutionProperties) = preSolution
		HideSolutionNode = FALSE
	EndGlobalSection
	GlobalSection(ExtensibilityGlobals) = postSolution
		SolutionGuid = {AC446130-6274-4346-9E59-554E12DBD8D1}
	EndGlobalSection
EndGlobal
