
Microsoft Visual Studio Solution File, Format Version 12.00
# Visual Studio 14
VisualStudioVersion = 14.0.25420.1
MinimumVisualStudioVersion = 10.0.40219.1
Project("{FAE04EC0-301F-11D3-BF4B-00C04F79EFBC}") = "WinServer", "WinTCPServer\WinServer.csproj", "{E0F8C0DE-AC70-41D6-86F6-0AE1CE50C4A0}"
EndProject
Project("{FAE04EC0-301F-11D3-BF4B-00C04F79EFBC}") = "WinClient", "WinTCPClient\WinClient.csproj", "{48D6FBE4-5D47-429E-9623-386897A17243}"
EndProject
Project("{FAE04EC0-301F-11D3-BF4B-00C04F79EFBC}") = "MessageServer", "MessageServer\MessageServer.csproj", "{70461B55-E13F-4592-8491-715FAD06C6E6}"
EndProject
Project("{FAE04EC0-301F-11D3-BF4B-00C04F79EFBC}") = "MessageClient", "MessageClient\MessageClient.csproj", "{C9DAA260-8808-49C8-976F-3CE199CA337E}"
EndProject
Project("{FAE04EC0-301F-11D3-BF4B-00C04F79EFBC}") = "WinWebBrowser", "WinWebBrowser\WinWebBrowser.csproj", "{7A5623F2-FFEE-4A2D-8A46-D0D84EFD9A29}"
EndProject
Global
	GlobalSection(SolutionConfigurationPlatforms) = preSolution
		Debug|Any CPU = Debug|Any CPU
		Release|Any CPU = Release|Any CPU
	EndGlobalSection
	GlobalSection(ProjectConfigurationPlatforms) = postSolution
		{E0F8C0DE-AC70-41D6-86F6-0AE1CE50C4A0}.Debug|Any CPU.ActiveCfg = Debug|Any CPU
		{E0F8C0DE-AC70-41D6-86F6-0AE1CE50C4A0}.Debug|Any CPU.Build.0 = Debug|Any CPU
		{E0F8C0DE-AC70-41D6-86F6-0AE1CE50C4A0}.Release|Any CPU.ActiveCfg = Release|Any CPU
		{E0F8C0DE-AC70-41D6-86F6-0AE1CE50C4A0}.Release|Any CPU.Build.0 = Release|Any CPU
		{48D6FBE4-5D47-429E-9623-386897A17243}.Debug|Any CPU.ActiveCfg = Debug|Any CPU
		{48D6FBE4-5D47-429E-9623-386897A17243}.Debug|Any CPU.Build.0 = Debug|Any CPU
		{48D6FBE4-5D47-429E-9623-386897A17243}.Release|Any CPU.ActiveCfg = Release|Any CPU
		{48D6FBE4-5D47-429E-9623-386897A17243}.Release|Any CPU.Build.0 = Release|Any CPU
		{70461B55-E13F-4592-8491-715FAD06C6E6}.Debug|Any CPU.ActiveCfg = Debug|Any CPU
		{70461B55-E13F-4592-8491-715FAD06C6E6}.Debug|Any CPU.Build.0 = Debug|Any CPU
		{70461B55-E13F-4592-8491-715FAD06C6E6}.Release|Any CPU.ActiveCfg = Release|Any CPU
		{70461B55-E13F-4592-8491-715FAD06C6E6}.Release|Any CPU.Build.0 = Release|Any CPU
		{C9DAA260-8808-49C8-976F-3CE199CA337E}.Debug|Any CPU.ActiveCfg = Debug|Any CPU
		{C9DAA260-8808-49C8-976F-3CE199CA337E}.Debug|Any CPU.Build.0 = Debug|Any CPU
		{C9DAA260-8808-49C8-976F-3CE199CA337E}.Release|Any CPU.ActiveCfg = Release|Any CPU
		{C9DAA260-8808-49C8-976F-3CE199CA337E}.Release|Any CPU.Build.0 = Release|Any CPU
		{7A5623F2-FFEE-4A2D-8A46-D0D84EFD9A29}.Debug|Any CPU.ActiveCfg = Debug|Any CPU
		{7A5623F2-FFEE-4A2D-8A46-D0D84EFD9A29}.Debug|Any CPU.Build.0 = Debug|Any CPU
		{7A5623F2-FFEE-4A2D-8A46-D0D84EFD9A29}.Release|Any CPU.ActiveCfg = Release|Any CPU
		{7A5623F2-FFEE-4A2D-8A46-D0D84EFD9A29}.Release|Any CPU.Build.0 = Release|Any CPU
	EndGlobalSection
	GlobalSection(SolutionProperties) = preSolution
		HideSolutionNode = FALSE
	EndGlobalSection
EndGlobal
