
Microsoft Visual Studio Solution File, Format Version 12.00
# Visual Studio Version 16
VisualStudioVersion = 16.0.29215.179
MinimumVisualStudioVersion = 10.0.40219.1
Project("{FAE04EC0-301F-11D3-BF4B-00C04F79EFBC}") = "0828_01 짝수 홀수 및 음수 양수", "0828_01\0828_01 짝수 홀수 및 음수 양수.csproj", "{4D8339E2-49BF-42A4-9C78-94BAD0C5019D}"
EndProject
Project("{FAE04EC0-301F-11D3-BF4B-00C04F79EFBC}") = "0828_02 bmi계산", "0828_02 bmi계산\0828_02 bmi계산.csproj", "{23F22377-E779-4982-B768-32BEB000A00E}"
EndProject
Project("{FAE04EC0-301F-11D3-BF4B-00C04F79EFBC}") = "0828_03", "0828_03\0828_03.csproj", "{EF1DBEEE-A745-4D1F-95E3-0C522078E842}"
EndProject
Project("{FAE04EC0-301F-11D3-BF4B-00C04F79EFBC}") = "projectEuler_001", "projectEuler_01\projectEuler_001.csproj", "{55CC1809-0C6E-4EAB-90FC-D411949B8BE6}"
EndProject
Project("{FAE04EC0-301F-11D3-BF4B-00C04F79EFBC}") = "projectEuler_002", "projectEuler_002\projectEuler_002.csproj", "{F8649F4E-14D1-4DB5-8DB5-66EBEDFBC1B9}"
EndProject
Project("{FAE04EC0-301F-11D3-BF4B-00C04F79EFBC}") = "projectEuler_003", "projectEuler_003\projectEuler_003.csproj", "{1DE1542A-773D-418A-9375-71B9BC670F11}"
EndProject
Project("{FAE04EC0-301F-11D3-BF4B-00C04F79EFBC}") = "0828_04 foreach", "0828_04 foreach\0828_04 foreach.csproj", "{4E182000-CD46-499E-8FB7-2C937F5CEDF1}"
EndProject
Project("{FAE04EC0-301F-11D3-BF4B-00C04F79EFBC}") = "0828_05 구구단", "0828_05 구구단\0828_05 구구단.csproj", "{000CDA49-709F-4A6B-9C03-E96A505DB636}"
EndProject
Project("{FAE04EC0-301F-11D3-BF4B-00C04F79EFBC}") = "0828_06 전위, 후위 증감연산자", "0828_06 전위, 후위 증감연산자\0828_06 전위, 후위 증감연산자.csproj", "{31F3F18F-93B8-4621-82EB-900FFB3C1683}"
EndProject
Project("{FAE04EC0-301F-11D3-BF4B-00C04F79EFBC}") = "0828_06 break", "0828_06 break\0828_06 break.csproj", "{D58998FC-FB5E-4CE7-890C-9BD087A7BF9E}"
EndProject
Project("{FAE04EC0-301F-11D3-BF4B-00C04F79EFBC}") = "0828_07 파일추가하기, 랜덤", "0828_07 파일추가하기\0828_07 파일추가하기, 랜덤.csproj", "{74028F9F-DC5F-4D02-A843-A41E4FA024A0}"
EndProject
Project("{8BC9CEB8-8B4A-11D0-8D11-00A0C91BC942}") = "projectEuler_003_example", "projectEuler_003_example\projectEuler_003_example.vcxproj", "{829D1DAF-FCEC-45F9-B77A-45586716BF03}"
EndProject
Global
	GlobalSection(SolutionConfigurationPlatforms) = preSolution
		Debug|Any CPU = Debug|Any CPU
		Debug|x64 = Debug|x64
		Debug|x86 = Debug|x86
		Release|Any CPU = Release|Any CPU
		Release|x64 = Release|x64
		Release|x86 = Release|x86
	EndGlobalSection
	GlobalSection(ProjectConfigurationPlatforms) = postSolution
		{4D8339E2-49BF-42A4-9C78-94BAD0C5019D}.Debug|Any CPU.ActiveCfg = Debug|Any CPU
		{4D8339E2-49BF-42A4-9C78-94BAD0C5019D}.Debug|Any CPU.Build.0 = Debug|Any CPU
		{4D8339E2-49BF-42A4-9C78-94BAD0C5019D}.Debug|x64.ActiveCfg = Debug|Any CPU
		{4D8339E2-49BF-42A4-9C78-94BAD0C5019D}.Debug|x64.Build.0 = Debug|Any CPU
		{4D8339E2-49BF-42A4-9C78-94BAD0C5019D}.Debug|x86.ActiveCfg = Debug|Any CPU
		{4D8339E2-49BF-42A4-9C78-94BAD0C5019D}.Debug|x86.Build.0 = Debug|Any CPU
		{4D8339E2-49BF-42A4-9C78-94BAD0C5019D}.Release|Any CPU.ActiveCfg = Release|Any CPU
		{4D8339E2-49BF-42A4-9C78-94BAD0C5019D}.Release|Any CPU.Build.0 = Release|Any CPU
		{4D8339E2-49BF-42A4-9C78-94BAD0C5019D}.Release|x64.ActiveCfg = Release|Any CPU
		{4D8339E2-49BF-42A4-9C78-94BAD0C5019D}.Release|x64.Build.0 = Release|Any CPU
		{4D8339E2-49BF-42A4-9C78-94BAD0C5019D}.Release|x86.ActiveCfg = Release|Any CPU
		{4D8339E2-49BF-42A4-9C78-94BAD0C5019D}.Release|x86.Build.0 = Release|Any CPU
		{23F22377-E779-4982-B768-32BEB000A00E}.Debug|Any CPU.ActiveCfg = Debug|Any CPU
		{23F22377-E779-4982-B768-32BEB000A00E}.Debug|Any CPU.Build.0 = Debug|Any CPU
		{23F22377-E779-4982-B768-32BEB000A00E}.Debug|x64.ActiveCfg = Debug|Any CPU
		{23F22377-E779-4982-B768-32BEB000A00E}.Debug|x64.Build.0 = Debug|Any CPU
		{23F22377-E779-4982-B768-32BEB000A00E}.Debug|x86.ActiveCfg = Debug|Any CPU
		{23F22377-E779-4982-B768-32BEB000A00E}.Debug|x86.Build.0 = Debug|Any CPU
		{23F22377-E779-4982-B768-32BEB000A00E}.Release|Any CPU.ActiveCfg = Release|Any CPU
		{23F22377-E779-4982-B768-32BEB000A00E}.Release|Any CPU.Build.0 = Release|Any CPU
		{23F22377-E779-4982-B768-32BEB000A00E}.Release|x64.ActiveCfg = Release|Any CPU
		{23F22377-E779-4982-B768-32BEB000A00E}.Release|x64.Build.0 = Release|Any CPU
		{23F22377-E779-4982-B768-32BEB000A00E}.Release|x86.ActiveCfg = Release|Any CPU
		{23F22377-E779-4982-B768-32BEB000A00E}.Release|x86.Build.0 = Release|Any CPU
		{EF1DBEEE-A745-4D1F-95E3-0C522078E842}.Debug|Any CPU.ActiveCfg = Debug|Any CPU
		{EF1DBEEE-A745-4D1F-95E3-0C522078E842}.Debug|Any CPU.Build.0 = Debug|Any CPU
		{EF1DBEEE-A745-4D1F-95E3-0C522078E842}.Debug|x64.ActiveCfg = Debug|Any CPU
		{EF1DBEEE-A745-4D1F-95E3-0C522078E842}.Debug|x64.Build.0 = Debug|Any CPU
		{EF1DBEEE-A745-4D1F-95E3-0C522078E842}.Debug|x86.ActiveCfg = Debug|Any CPU
		{EF1DBEEE-A745-4D1F-95E3-0C522078E842}.Debug|x86.Build.0 = Debug|Any CPU
		{EF1DBEEE-A745-4D1F-95E3-0C522078E842}.Release|Any CPU.ActiveCfg = Release|Any CPU
		{EF1DBEEE-A745-4D1F-95E3-0C522078E842}.Release|Any CPU.Build.0 = Release|Any CPU
		{EF1DBEEE-A745-4D1F-95E3-0C522078E842}.Release|x64.ActiveCfg = Release|Any CPU
		{EF1DBEEE-A745-4D1F-95E3-0C522078E842}.Release|x64.Build.0 = Release|Any CPU
		{EF1DBEEE-A745-4D1F-95E3-0C522078E842}.Release|x86.ActiveCfg = Release|Any CPU
		{EF1DBEEE-A745-4D1F-95E3-0C522078E842}.Release|x86.Build.0 = Release|Any CPU
		{55CC1809-0C6E-4EAB-90FC-D411949B8BE6}.Debug|Any CPU.ActiveCfg = Debug|Any CPU
		{55CC1809-0C6E-4EAB-90FC-D411949B8BE6}.Debug|Any CPU.Build.0 = Debug|Any CPU
		{55CC1809-0C6E-4EAB-90FC-D411949B8BE6}.Debug|x64.ActiveCfg = Debug|Any CPU
		{55CC1809-0C6E-4EAB-90FC-D411949B8BE6}.Debug|x64.Build.0 = Debug|Any CPU
		{55CC1809-0C6E-4EAB-90FC-D411949B8BE6}.Debug|x86.ActiveCfg = Debug|Any CPU
		{55CC1809-0C6E-4EAB-90FC-D411949B8BE6}.Debug|x86.Build.0 = Debug|Any CPU
		{55CC1809-0C6E-4EAB-90FC-D411949B8BE6}.Release|Any CPU.ActiveCfg = Release|Any CPU
		{55CC1809-0C6E-4EAB-90FC-D411949B8BE6}.Release|Any CPU.Build.0 = Release|Any CPU
		{55CC1809-0C6E-4EAB-90FC-D411949B8BE6}.Release|x64.ActiveCfg = Release|Any CPU
		{55CC1809-0C6E-4EAB-90FC-D411949B8BE6}.Release|x64.Build.0 = Release|Any CPU
		{55CC1809-0C6E-4EAB-90FC-D411949B8BE6}.Release|x86.ActiveCfg = Release|Any CPU
		{55CC1809-0C6E-4EAB-90FC-D411949B8BE6}.Release|x86.Build.0 = Release|Any CPU
		{F8649F4E-14D1-4DB5-8DB5-66EBEDFBC1B9}.Debug|Any CPU.ActiveCfg = Debug|Any CPU
		{F8649F4E-14D1-4DB5-8DB5-66EBEDFBC1B9}.Debug|Any CPU.Build.0 = Debug|Any CPU
		{F8649F4E-14D1-4DB5-8DB5-66EBEDFBC1B9}.Debug|x64.ActiveCfg = Debug|Any CPU
		{F8649F4E-14D1-4DB5-8DB5-66EBEDFBC1B9}.Debug|x64.Build.0 = Debug|Any CPU
		{F8649F4E-14D1-4DB5-8DB5-66EBEDFBC1B9}.Debug|x86.ActiveCfg = Debug|Any CPU
		{F8649F4E-14D1-4DB5-8DB5-66EBEDFBC1B9}.Debug|x86.Build.0 = Debug|Any CPU
		{F8649F4E-14D1-4DB5-8DB5-66EBEDFBC1B9}.Release|Any CPU.ActiveCfg = Release|Any CPU
		{F8649F4E-14D1-4DB5-8DB5-66EBEDFBC1B9}.Release|Any CPU.Build.0 = Release|Any CPU
		{F8649F4E-14D1-4DB5-8DB5-66EBEDFBC1B9}.Release|x64.ActiveCfg = Release|Any CPU
		{F8649F4E-14D1-4DB5-8DB5-66EBEDFBC1B9}.Release|x64.Build.0 = Release|Any CPU
		{F8649F4E-14D1-4DB5-8DB5-66EBEDFBC1B9}.Release|x86.ActiveCfg = Release|Any CPU
		{F8649F4E-14D1-4DB5-8DB5-66EBEDFBC1B9}.Release|x86.Build.0 = Release|Any CPU
		{1DE1542A-773D-418A-9375-71B9BC670F11}.Debug|Any CPU.ActiveCfg = Debug|Any CPU
		{1DE1542A-773D-418A-9375-71B9BC670F11}.Debug|Any CPU.Build.0 = Debug|Any CPU
		{1DE1542A-773D-418A-9375-71B9BC670F11}.Debug|x64.ActiveCfg = Debug|Any CPU
		{1DE1542A-773D-418A-9375-71B9BC670F11}.Debug|x64.Build.0 = Debug|Any CPU
		{1DE1542A-773D-418A-9375-71B9BC670F11}.Debug|x86.ActiveCfg = Debug|Any CPU
		{1DE1542A-773D-418A-9375-71B9BC670F11}.Debug|x86.Build.0 = Debug|Any CPU
		{1DE1542A-773D-418A-9375-71B9BC670F11}.Release|Any CPU.ActiveCfg = Release|Any CPU
		{1DE1542A-773D-418A-9375-71B9BC670F11}.Release|Any CPU.Build.0 = Release|Any CPU
		{1DE1542A-773D-418A-9375-71B9BC670F11}.Release|x64.ActiveCfg = Release|Any CPU
		{1DE1542A-773D-418A-9375-71B9BC670F11}.Release|x64.Build.0 = Release|Any CPU
		{1DE1542A-773D-418A-9375-71B9BC670F11}.Release|x86.ActiveCfg = Release|Any CPU
		{1DE1542A-773D-418A-9375-71B9BC670F11}.Release|x86.Build.0 = Release|Any CPU
		{4E182000-CD46-499E-8FB7-2C937F5CEDF1}.Debug|Any CPU.ActiveCfg = Debug|Any CPU
		{4E182000-CD46-499E-8FB7-2C937F5CEDF1}.Debug|Any CPU.Build.0 = Debug|Any CPU
		{4E182000-CD46-499E-8FB7-2C937F5CEDF1}.Debug|x64.ActiveCfg = Debug|Any CPU
		{4E182000-CD46-499E-8FB7-2C937F5CEDF1}.Debug|x64.Build.0 = Debug|Any CPU
		{4E182000-CD46-499E-8FB7-2C937F5CEDF1}.Debug|x86.ActiveCfg = Debug|Any CPU
		{4E182000-CD46-499E-8FB7-2C937F5CEDF1}.Debug|x86.Build.0 = Debug|Any CPU
		{4E182000-CD46-499E-8FB7-2C937F5CEDF1}.Release|Any CPU.ActiveCfg = Release|Any CPU
		{4E182000-CD46-499E-8FB7-2C937F5CEDF1}.Release|Any CPU.Build.0 = Release|Any CPU
		{4E182000-CD46-499E-8FB7-2C937F5CEDF1}.Release|x64.ActiveCfg = Release|Any CPU
		{4E182000-CD46-499E-8FB7-2C937F5CEDF1}.Release|x64.Build.0 = Release|Any CPU
		{4E182000-CD46-499E-8FB7-2C937F5CEDF1}.Release|x86.ActiveCfg = Release|Any CPU
		{4E182000-CD46-499E-8FB7-2C937F5CEDF1}.Release|x86.Build.0 = Release|Any CPU
		{000CDA49-709F-4A6B-9C03-E96A505DB636}.Debug|Any CPU.ActiveCfg = Debug|Any CPU
		{000CDA49-709F-4A6B-9C03-E96A505DB636}.Debug|Any CPU.Build.0 = Debug|Any CPU
		{000CDA49-709F-4A6B-9C03-E96A505DB636}.Debug|x64.ActiveCfg = Debug|Any CPU
		{000CDA49-709F-4A6B-9C03-E96A505DB636}.Debug|x64.Build.0 = Debug|Any CPU
		{000CDA49-709F-4A6B-9C03-E96A505DB636}.Debug|x86.ActiveCfg = Debug|Any CPU
		{000CDA49-709F-4A6B-9C03-E96A505DB636}.Debug|x86.Build.0 = Debug|Any CPU
		{000CDA49-709F-4A6B-9C03-E96A505DB636}.Release|Any CPU.ActiveCfg = Release|Any CPU
		{000CDA49-709F-4A6B-9C03-E96A505DB636}.Release|Any CPU.Build.0 = Release|Any CPU
		{000CDA49-709F-4A6B-9C03-E96A505DB636}.Release|x64.ActiveCfg = Release|Any CPU
		{000CDA49-709F-4A6B-9C03-E96A505DB636}.Release|x64.Build.0 = Release|Any CPU
		{000CDA49-709F-4A6B-9C03-E96A505DB636}.Release|x86.ActiveCfg = Release|Any CPU
		{000CDA49-709F-4A6B-9C03-E96A505DB636}.Release|x86.Build.0 = Release|Any CPU
		{31F3F18F-93B8-4621-82EB-900FFB3C1683}.Debug|Any CPU.ActiveCfg = Debug|Any CPU
		{31F3F18F-93B8-4621-82EB-900FFB3C1683}.Debug|Any CPU.Build.0 = Debug|Any CPU
		{31F3F18F-93B8-4621-82EB-900FFB3C1683}.Debug|x64.ActiveCfg = Debug|Any CPU
		{31F3F18F-93B8-4621-82EB-900FFB3C1683}.Debug|x64.Build.0 = Debug|Any CPU
		{31F3F18F-93B8-4621-82EB-900FFB3C1683}.Debug|x86.ActiveCfg = Debug|Any CPU
		{31F3F18F-93B8-4621-82EB-900FFB3C1683}.Debug|x86.Build.0 = Debug|Any CPU
		{31F3F18F-93B8-4621-82EB-900FFB3C1683}.Release|Any CPU.ActiveCfg = Release|Any CPU
		{31F3F18F-93B8-4621-82EB-900FFB3C1683}.Release|Any CPU.Build.0 = Release|Any CPU
		{31F3F18F-93B8-4621-82EB-900FFB3C1683}.Release|x64.ActiveCfg = Release|Any CPU
		{31F3F18F-93B8-4621-82EB-900FFB3C1683}.Release|x64.Build.0 = Release|Any CPU
		{31F3F18F-93B8-4621-82EB-900FFB3C1683}.Release|x86.ActiveCfg = Release|Any CPU
		{31F3F18F-93B8-4621-82EB-900FFB3C1683}.Release|x86.Build.0 = Release|Any CPU
		{D58998FC-FB5E-4CE7-890C-9BD087A7BF9E}.Debug|Any CPU.ActiveCfg = Debug|Any CPU
		{D58998FC-FB5E-4CE7-890C-9BD087A7BF9E}.Debug|Any CPU.Build.0 = Debug|Any CPU
		{D58998FC-FB5E-4CE7-890C-9BD087A7BF9E}.Debug|x64.ActiveCfg = Debug|Any CPU
		{D58998FC-FB5E-4CE7-890C-9BD087A7BF9E}.Debug|x64.Build.0 = Debug|Any CPU
		{D58998FC-FB5E-4CE7-890C-9BD087A7BF9E}.Debug|x86.ActiveCfg = Debug|Any CPU
		{D58998FC-FB5E-4CE7-890C-9BD087A7BF9E}.Debug|x86.Build.0 = Debug|Any CPU
		{D58998FC-FB5E-4CE7-890C-9BD087A7BF9E}.Release|Any CPU.ActiveCfg = Release|Any CPU
		{D58998FC-FB5E-4CE7-890C-9BD087A7BF9E}.Release|Any CPU.Build.0 = Release|Any CPU
		{D58998FC-FB5E-4CE7-890C-9BD087A7BF9E}.Release|x64.ActiveCfg = Release|Any CPU
		{D58998FC-FB5E-4CE7-890C-9BD087A7BF9E}.Release|x64.Build.0 = Release|Any CPU
		{D58998FC-FB5E-4CE7-890C-9BD087A7BF9E}.Release|x86.ActiveCfg = Release|Any CPU
		{D58998FC-FB5E-4CE7-890C-9BD087A7BF9E}.Release|x86.Build.0 = Release|Any CPU
		{74028F9F-DC5F-4D02-A843-A41E4FA024A0}.Debug|Any CPU.ActiveCfg = Debug|Any CPU
		{74028F9F-DC5F-4D02-A843-A41E4FA024A0}.Debug|Any CPU.Build.0 = Debug|Any CPU
		{74028F9F-DC5F-4D02-A843-A41E4FA024A0}.Debug|x64.ActiveCfg = Debug|Any CPU
		{74028F9F-DC5F-4D02-A843-A41E4FA024A0}.Debug|x64.Build.0 = Debug|Any CPU
		{74028F9F-DC5F-4D02-A843-A41E4FA024A0}.Debug|x86.ActiveCfg = Debug|Any CPU
		{74028F9F-DC5F-4D02-A843-A41E4FA024A0}.Debug|x86.Build.0 = Debug|Any CPU
		{74028F9F-DC5F-4D02-A843-A41E4FA024A0}.Release|Any CPU.ActiveCfg = Release|Any CPU
		{74028F9F-DC5F-4D02-A843-A41E4FA024A0}.Release|Any CPU.Build.0 = Release|Any CPU
		{74028F9F-DC5F-4D02-A843-A41E4FA024A0}.Release|x64.ActiveCfg = Release|Any CPU
		{74028F9F-DC5F-4D02-A843-A41E4FA024A0}.Release|x64.Build.0 = Release|Any CPU
		{74028F9F-DC5F-4D02-A843-A41E4FA024A0}.Release|x86.ActiveCfg = Release|Any CPU
		{74028F9F-DC5F-4D02-A843-A41E4FA024A0}.Release|x86.Build.0 = Release|Any CPU
		{829D1DAF-FCEC-45F9-B77A-45586716BF03}.Debug|Any CPU.ActiveCfg = Debug|Win32
		{829D1DAF-FCEC-45F9-B77A-45586716BF03}.Debug|x64.ActiveCfg = Debug|x64
		{829D1DAF-FCEC-45F9-B77A-45586716BF03}.Debug|x64.Build.0 = Debug|x64
		{829D1DAF-FCEC-45F9-B77A-45586716BF03}.Debug|x86.ActiveCfg = Debug|Win32
		{829D1DAF-FCEC-45F9-B77A-45586716BF03}.Debug|x86.Build.0 = Debug|Win32
		{829D1DAF-FCEC-45F9-B77A-45586716BF03}.Release|Any CPU.ActiveCfg = Release|Win32
		{829D1DAF-FCEC-45F9-B77A-45586716BF03}.Release|x64.ActiveCfg = Release|x64
		{829D1DAF-FCEC-45F9-B77A-45586716BF03}.Release|x64.Build.0 = Release|x64
		{829D1DAF-FCEC-45F9-B77A-45586716BF03}.Release|x86.ActiveCfg = Release|Win32
		{829D1DAF-FCEC-45F9-B77A-45586716BF03}.Release|x86.Build.0 = Release|Win32
	EndGlobalSection
	GlobalSection(SolutionProperties) = preSolution
		HideSolutionNode = FALSE
	EndGlobalSection
	GlobalSection(ExtensibilityGlobals) = postSolution
		SolutionGuid = {C94DDA40-5793-4369-A9BF-6CF98392A720}
	EndGlobalSection
EndGlobal
